// !$*UTF8*$!
{
	archiveVersion = 1;
	classes = {
	};
	objectVersion = 55;
	objects = {

/* Begin PBXBuildFile section */
		BE3362E528663FC500B2B9E1 /* EditFoodView.swift in Sources */ = {isa = PBXBuildFile; fileRef = BE3362E428663FC500B2B9E1 /* EditFoodView.swift */; };
		BEE70282286400D50065F5B3 /* icaloriesApp.swift in Sources */ = {isa = PBXBuildFile; fileRef = BEE70281286400D50065F5B3 /* icaloriesApp.swift */; };
		BEE70284286400D50065F5B3 /* ContentView.swift in Sources */ = {isa = PBXBuildFile; fileRef = BEE70283286400D50065F5B3 /* ContentView.swift */; };
		BEE70286286400DA0065F5B3 /* Assets.xcassets in Resources */ = {isa = PBXBuildFile; fileRef = BEE70285286400DA0065F5B3 /* Assets.xcassets */; };
		BEE70289286400DA0065F5B3 /* Preview Assets.xcassets in Resources */ = {isa = PBXBuildFile; fileRef = BEE70288286400DA0065F5B3 /* Preview Assets.xcassets */; };
		BEE702922864013A0065F5B3 /* FoodModel.xcdatamodeld in Sources */ = {isa = PBXBuildFile; fileRef = BEE702902864013A0065F5B3 /* FoodModel.xcdatamodeld */; };
		BEE702942864025B0065F5B3 /* DataController.swift in Sources */ = {isa = PBXBuildFile; fileRef = BEE702932864025A0065F5B3 /* DataController.swift */; };
		BEE70298286409910065F5B3 /* AddFoodView.swift in Sources */ = {isa = PBXBuildFile; fileRef = BEE70297286409910065F5B3 /* AddFoodView.swift */; };
		BEE7029A28640E160065F5B3 /* TimeFormatiing.swift in Sources */ = {isa = PBXBuildFile; fileRef = BEE7029928640E160065F5B3 /* TimeFormatiing.swift */; };
/* End PBXBuildFile section */

/* Begin PBXFileReference section */
		BE3362E428663FC500B2B9E1 /* EditFoodView.swift */ = {isa = PBXFileReference; lastKnownFileType = sourcecode.swift; path = EditFoodView.swift; sourceTree = "<group>"; };
		BEE7027E286400D50065F5B3 /* icalories.app */ = {isa = PBXFileReference; explicitFileType = wrapper.application; includeInIndex = 0; path = icalories.app; sourceTree = BUILT_PRODUCTS_DIR; };
		BEE70281286400D50065F5B3 /* icaloriesApp.swift */ = {isa = PBXFileReference; lastKnownFileType = sourcecode.swift; path = icaloriesApp.swift; sourceTree = "<group>"; };
		BEE70283286400D50065F5B3 /* ContentView.swift */ = {isa = PBXFileReference; lastKnownFileType = sourcecode.swift; path = ContentView.swift; sourceTree = "<group>"; };
		BEE70285286400DA0065F5B3 /* Assets.xcassets */ = {isa = PBXFileReference; lastKnownFileType = folder.assetcatalog; path = Assets.xcassets; sourceTree = "<group>"; };
		BEE70288286400DA0065F5B3 /* Preview Assets.xcassets */ = {isa = PBXFileReference; lastKnownFileType = folder.assetcatalog; path = "Preview Assets.xcassets"; sourceTree = "<group>"; };
		BEE702912864013A0065F5B3 /* FoodModel.xcdatamodel */ = {isa = PBXFileReference; lastKnownFileType = wrapper.xcdatamodel; path = FoodModel.xcdatamodel; sourceTree = "<group>"; };
		BEE702932864025A0065F5B3 /* DataController.swift */ = {isa = PBXFileReference; lastKnownFileType = sourcecode.swift; path = DataController.swift; sourceTree = "<group>"; };
		BEE70297286409910065F5B3 /* AddFoodView.swift */ = {isa = PBXFileReference; lastKnownFileType = sourcecode.swift; path = AddFoodView.swift; sourceTree = "<group>"; };
		BEE7029928640E160065F5B3 /* TimeFormatiing.swift */ = {isa = PBXFileReference; lastKnownFileType = sourcecode.swift; path = TimeFormatiing.swift; sourceTree = "<group>"; };
/* End PBXFileReference section */

/* Begin PBXFrameworksBuildPhase section */
		BEE7027B286400D50065F5B3 /* Frameworks */ = {
			isa = PBXFrameworksBuildPhase;
			buildActionMask = 2147483647;
			files = (
			);
			runOnlyForDeploymentPostprocessing = 0;
		};
/* End PBXFrameworksBuildPhase section */

/* Begin PBXGroup section */
		BEE70275286400D50065F5B3 = {
			isa = PBXGroup;
			children = (
				BEE70281286400D50065F5B3 /* icaloriesApp.swift */,
				BEE70280286400D50065F5B3 /* icalories */,
				BEE7027F286400D50065F5B3 /* Products */,
			);
			sourceTree = "<group>";
		};
		BEE7027F286400D50065F5B3 /* Products */ = {
			isa = PBXGroup;
			children = (
				BEE7027E286400D50065F5B3 /* icalories.app */,
			);
			name = Products;
			sourceTree = "<group>";
		};
		BEE70280286400D50065F5B3 /* icalories */ = {
			isa = PBXGroup;
			children = (
				BEE702962864095D0065F5B3 /* Helpers */,
				BEE702952864070C0065F5B3 /* Views */,
				BEE70283286400D50065F5B3 /* ContentView.swift */,
				BEE7028F286401110065F5B3 /* Data Model */,
				BEE70285286400DA0065F5B3 /* Assets.xcassets */,
				BEE70287286400DA0065F5B3 /* Preview Content */,
			);
			path = icalories;
			sourceTree = "<group>";
		};
		BEE70287286400DA0065F5B3 /* Preview Content */ = {
			isa = PBXGroup;
			children = (
				BEE70288286400DA0065F5B3 /* Preview Assets.xcassets */,
			);
			path = "Preview Content";
			sourceTree = "<group>";
		};
		BEE7028F286401110065F5B3 /* Data Model */ = {
			isa = PBXGroup;
			children = (
				BEE702902864013A0065F5B3 /* FoodModel.xcdatamodeld */,
				BEE702932864025A0065F5B3 /* DataController.swift */,
			);
			path = "Data Model";
			sourceTree = "<group>";
		};
		BEE702952864070C0065F5B3 /* Views */ = {
			isa = PBXGroup;
			children = (
				BEE70297286409910065F5B3 /* AddFoodView.swift */,
				BE3362E428663FC500B2B9E1 /* EditFoodView.swift */,
			);
			path = Views;
			sourceTree = "<group>";
		};
		BEE702962864095D0065F5B3 /* Helpers */ = {
			isa = PBXGroup;
			children = (
				BEE7029928640E160065F5B3 /* TimeFormatiing.swift */,
			);
			path = Helpers;
			sourceTree = "<group>";
		};
/* End PBXGroup section */

/* Begin PBXNativeTarget section */
		BEE7027D286400D50065F5B3 /* icalories */ = {
			isa = PBXNativeTarget;
			buildConfigurationList = BEE7028C286400DA0065F5B3 /* Build configuration list for PBXNativeTarget "icalories" */;
			buildPhases = (
				BEE7027A286400D50065F5B3 /* Sources */,
				BEE7027B286400D50065F5B3 /* Frameworks */,
				BEE7027C286400D50065F5B3 /* Resources */,
			);
			buildRules = (
			);
			dependencies = (
			);
			name = icalories;
			productName = icalories;
			productReference = BEE7027E286400D50065F5B3 /* icalories.app */;
			productType = "com.apple.product-type.application";
		};
/* End PBXNativeTarget section */

/* Begin PBXProject section */
		BEE70276286400D50065F5B3 /* Project object */ = {
			isa = PBXProject;
			attributes = {
				BuildIndependentTargetsInParallel = 1;
				LastSwiftUpdateCheck = 1320;
				LastUpgradeCheck = 1320;
				TargetAttributes = {
					BEE7027D286400D50065F5B3 = {
						CreatedOnToolsVersion = 13.2.1;
					};
				};
			};
			buildConfigurationList = BEE70279286400D50065F5B3 /* Build configuration list for PBXProject "icalories" */;
			compatibilityVersion = "Xcode 13.0";
			developmentRegion = en;
			hasScannedForEncodings = 0;
			knownRegions = (
				en,
				Base,
			);
			mainGroup = BEE70275286400D50065F5B3;
			productRefGroup = BEE7027F286400D50065F5B3 /* Products */;
			projectDirPath = "";
			projectRoot = "";
			targets = (
				BEE7027D286400D50065F5B3 /* icalories */,
			);
		};
/* End PBXProject section */

/* Begin PBXResourcesBuildPhase section */
		BEE7027C286400D50065F5B3 /* Resources */ = {
			isa = PBXResourcesBuildPhase;
			buildActionMask = 2147483647;
			files = (
				BEE70289286400DA0065F5B3 /* Preview Assets.xcassets in Resources */,
				BEE70286286400DA0065F5B3 /* Assets.xcassets in Resources */,
			);
			runOnlyForDeploymentPostprocessing = 0;
		};
/* End PBXResourcesBuildPhase section */

/* Begin PBXSourcesBuildPhase section */
		BEE7027A286400D50065F5B3 /* Sources */ = {
			isa = PBXSourcesBuildPhase;
			buildActionMask = 2147483647;
			files = (
				BEE7029A28640E160065F5B3 /* TimeFormatiing.swift in Sources */,
				BEE70298286409910065F5B3 /* AddFoodView.swift in Sources */,
				BEE70284286400D50065F5B3 /* ContentView.swift in Sources */,
				BEE702942864025B0065F5B3 /* DataController.swift in Sources */,
				BEE70282286400D50065F5B3 /* icaloriesApp.swift in Sources */,
				BE3362E528663FC500B2B9E1 /* EditFoodView.swift in Sources */,
				BEE702922864013A0065F5B3 /* FoodModel.xcdatamodeld in Sources */,
			);
			runOnlyForDeploymentPostprocessing = 0;
		};
/* End PBXSourcesBuildPhase section */

/* Begin XCBuildConfiguration section */
		BEE7028A286400DA0065F5B3 /* Debug */ = {
			isa = XCBuildConfiguration;
			buildSettings = {
				ALWAYS_SEARCH_USER_PATHS = NO;
				CLANG_ANALYZER_NONNULL = YES;
				CLANG_ANALYZER_NUMBER_OBJECT_CONVERSION = YES_AGGRESSIVE;
				CLANG_CXX_LANGUAGE_STANDARD = "gnu++17";
				CLANG_CXX_LIBRARY = "libc++";
				CLANG_ENABLE_MODULES = YES;
				CLANG_ENABLE_OBJC_ARC = YES;
				CLANG_ENABLE_OBJC_WEAK = YES;
				CLANG_WARN_BLOCK_CAPTURE_AUTORELEASING = YES;
				CLANG_WARN_BOOL_CONVERSION = YES;
				CLANG_WARN_COMMA = YES;
				CLANG_WARN_CONSTANT_CONVERSION = YES;
				CLANG_WARN_DEPRECATED_OBJC_IMPLEMENTATIONS = YES;
				CLANG_WARN_DIRECT_OBJC_ISA_USAGE = YES_ERROR;
				CLANG_WARN_DOCUMENTATION_COMMENTS = YES;
				CLANG_WARN_EMPTY_BODY = YES;
				CLANG_WARN_ENUM_CONVERSION = YES;
				CLANG_WARN_INFINITE_RECURSION = YES;
				CLANG_WARN_INT_CONVERSION = YES;
				CLANG_WARN_NON_LITERAL_NULL_CONVERSION = YES;
				CLANG_WARN_OBJC_IMPLICIT_RETAIN_SELF = YES;
				CLANG_WARN_OBJC_LITERAL_CONVERSION = YES;
				CLANG_WARN_OBJC_ROOT_CLASS = YES_ERROR;
				CLANG_WARN_QUOTED_INCLUDE_IN_FRAMEWORK_HEADER = YES;
				CLANG_WARN_RANGE_LOOP_ANALYSIS = YES;
				CLANG_WARN_STRICT_PROTOTYPES = YES;
				CLANG_WARN_SUSPICIOUS_MOVE = YES;
				CLANG_WARN_UNGUARDED_AVAILABILITY = YES_AGGRESSIVE;
				CLANG_WARN_UNREACHABLE_CODE = YES;
				CLANG_WARN__DUPLICATE_METHOD_MATCH = YES;
				COPY_PHASE_STRIP = NO;
				DEBUG_INFORMATION_FORMAT = dwarf;
				ENABLE_STRICT_OBJC_MSGSEND = YES;
				ENABLE_TESTABILITY = YES;
				GCC_C_LANGUAGE_STANDARD = gnu11;
				GCC_DYNAMIC_NO_PIC = NO;
				GCC_NO_COMMON_BLOCKS = YES;
				GCC_OPTIMIZATION_LEVEL = 0;
				GCC_PREPROCESSOR_DEFINITIONS = (
					"DEBUG=1",
					"$(inherited)",
				);
				GCC_WARN_64_TO_32_BIT_CONVERSION = YES;
				GCC_WARN_ABOUT_RETURN_TYPE = YES_ERROR;
				GCC_WARN_UNDECLARED_SELECTOR = YES;
				GCC_WARN_UNINITIALIZED_AUTOS = YES_AGGRESSIVE;
				GCC_WARN_UNUSED_FUNCTION = YES;
				GCC_WARN_UNUSED_VARIABLE = YES;
				IPHONEOS_DEPLOYMENT_TARGET = 15.2;
				MTL_ENABLE_DEBUG_INFO = INCLUDE_SOURCE;
				MTL_FAST_MATH = YES;
				ONLY_ACTIVE_ARCH = YES;
				SDKROOT = iphoneos;
				SWIFT_ACTIVE_COMPILATION_CONDITIONS = DEBUG;
				SWIFT_OPTIMIZATION_LEVEL = "-Onone";
			};
			name = Debug;
		};
		BEE7028B286400DA0065F5B3 /* Release */ = {
			isa = XCBuildConfiguration;
			buildSettings = {
				ALWAYS_SEARCH_USER_PATHS = NO;
				CLANG_ANALYZER_NONNULL = YES;
				CLANG_ANALYZER_NUMBER_OBJECT_CONVERSION = YES_AGGRESSIVE;
				CLANG_CXX_LANGUAGE_STANDARD = "gnu++17";
				CLANG_CXX_LIBRARY = "libc++";
				CLANG_ENABLE_MODULES = YES;
				CLANG_ENABLE_OBJC_ARC = YES;
				CLANG_ENABLE_OBJC_WEAK = YES;
				CLANG_WARN_BLOCK_CAPTURE_AUTORELEASING = YES;
				CLANG_WARN_BOOL_CONVERSION = YES;
				CLANG_WARN_COMMA = YES;
				CLANG_WARN_CONSTANT_CONVERSION = YES;
				CLANG_WARN_DEPRECATED_OBJC_IMPLEMENTATIONS = YES;
				CLANG_WARN_DIRECT_OBJC_ISA_USAGE = YES_ERROR;
				CLANG_WARN_DOCUMENTATION_COMMENTS = YES;
				CLANG_WARN_EMPTY_BODY = YES;
				CLANG_WARN_ENUM_CONVERSION = YES;
				CLANG_WARN_INFINITE_RECURSION = YES;
				CLANG_WARN_INT_CONVERSION = YES;
				CLANG_WARN_NON_LITERAL_NULL_CONVERSION = YES;
				CLANG_WARN_OBJC_IMPLICIT_RETAIN_SELF = YES;
				CLANG_WARN_OBJC_LITERAL_CONVERSION = YES;
				CLANG_WARN_OBJC_ROOT_CLASS = YES_ERROR;
				CLANG_WARN_QUOTED_INCLUDE_IN_FRAMEWORK_HEADER = YES;
				CLANG_WARN_RANGE_LOOP_ANALYSIS = YES;
				CLANG_WARN_STRICT_PROTOTYPES = YES;
				CLANG_WARN_SUSPICIOUS_MOVE = YES;
				CLANG_WARN_UNGUARDED_AVAILABILITY = YES_AGGRESSIVE;
				CLANG_WARN_UNREACHABLE_CODE = YES;
				CLANG_WARN__DUPLICATE_METHOD_MATCH = YES;
				COPY_PHASE_STRIP = NO;
				DEBUG_INFORMATION_FORMAT = "dwarf-with-dsym";
				ENABLE_NS_ASSERTIONS = NO;
				ENABLE_STRICT_OBJC_MSGSEND = YES;
				GCC_C_LANGUAGE_STANDARD = gnu11;
				GCC_NO_COMMON_BLOCKS = YES;
				GCC_WARN_64_TO_32_BIT_CONVERSION = YES;
				GCC_WARN_ABOUT_RETURN_TYPE = YES_ERROR;
				GCC_WARN_UNDECLARED_SELECTOR = YES;
				GCC_WARN_UNINITIALIZED_AUTOS = YES_AGGRESSIVE;
				GCC_WARN_UNUSED_FUNCTION = YES;
				GCC_WARN_UNUSED_VARIABLE = YES;
				IPHONEOS_DEPLOYMENT_TARGET = 15.2;
				MTL_ENABLE_DEBUG_INFO = NO;
				MTL_FAST_MATH = YES;
				SDKROOT = iphoneos;
				SWIFT_COMPILATION_MODE = wholemodule;
				SWIFT_OPTIMIZATION_LEVEL = "-O";
				VALIDATE_PRODUCT = YES;
			};
			name = Release;
		};
		BEE7028D286400DA0065F5B3 /* Debug */ = {
			isa = XCBuildConfiguration;
			buildSettings = {
				ASSETCATALOG_COMPILER_APPICON_NAME = AppIcon;
				ASSETCATALOG_COMPILER_GLOBAL_ACCENT_COLOR_NAME = AccentColor;
				CODE_SIGN_STYLE = Automatic;
				CURRENT_PROJECT_VERSION = 1;
				DEVELOPMENT_ASSET_PATHS = "\"icalories/Preview Content\"";
				ENABLE_PREVIEWS = YES;
				GENERATE_INFOPLIST_FILE = YES;
				INFOPLIST_KEY_UIApplicationSceneManifest_Generation = YES;
				INFOPLIST_KEY_UIApplicationSupportsIndirectInputEvents = YES;
				INFOPLIST_KEY_UILaunchScreen_Generation = YES;
				INFOPLIST_KEY_UISupportedInterfaceOrientations_iPad = "UIInterfaceOrientationPortrait UIInterfaceOrientationPortraitUpsideDown UIInterfaceOrientationLandscapeLeft UIInterfaceOrientationLandscapeRight";
				INFOPLIST_KEY_UISupportedInterfaceOrientations_iPhone = "UIInterfaceOrientationPortrait UIInterfaceOrientationLandscapeLeft UIInterfaceOrientationLandscapeRight";
				LD_RUNPATH_SEARCH_PATHS = (
					"$(inherited)",
					"@executable_path/Frameworks",
				);
				MARKETING_VERSION = 1.0;
				PRODUCT_BUNDLE_IDENTIFIER = com.ElijahArmande.icalories;
				PRODUCT_NAME = "$(TARGET_NAME)";
				SWIFT_EMIT_LOC_STRINGS = YES;
				SWIFT_VERSION = 5.0;
				TARGETED_DEVICE_FAMILY = "1,2";
			};
			name = Debug;
		};
		BEE7028E286400DA0065F5B3 /* Release */ = {
			isa = XCBuildConfiguration;
			buildSettings = {
				ASSETCATALOG_COMPILER_APPICON_NAME = AppIcon;
				ASSETCATALOG_COMPILER_GLOBAL_ACCENT_COLOR_NAME = AccentColor;
				CODE_SIGN_STYLE = Automatic;
				CURRENT_PROJECT_VERSION = 1;
				DEVELOPMENT_ASSET_PATHS = "\"icalories/Preview Content\"";
				ENABLE_PREVIEWS = YES;
				GENERATE_INFOPLIST_FILE = YES;
				INFOPLIST_KEY_UIApplicationSceneManifest_Generation = YES;
				INFOPLIST_KEY_UIApplicationSupportsIndirectInputEvents = YES;
				INFOPLIST_KEY_UILaunchScreen_Generation = YES;
				INFOPLIST_KEY_UISupportedInterfaceOrientations_iPad = "UIInterfaceOrientationPortrait UIInterfaceOrientationPortraitUpsideDown UIInterfaceOrientationLandscapeLeft UIInterfaceOrientationLandscapeRight";
				INFOPLIST_KEY_UISupportedInterfaceOrientations_iPhone = "UIInterfaceOrientationPortrait UIInterfaceOrientationLandscapeLeft UIInterfaceOrientationLandscapeRight";
				LD_RUNPATH_SEARCH_PATHS = (
					"$(inherited)",
					"@executable_path/Frameworks",
				);
				MARKETING_VERSION = 1.0;
				PRODUCT_BUNDLE_IDENTIFIER = com.ElijahArmande.icalories;
				PRODUCT_NAME = "$(TARGET_NAME)";
				SWIFT_EMIT_LOC_STRINGS = YES;
				SWIFT_VERSION = 5.0;
				TARGETED_DEVICE_FAMILY = "1,2";
			};
			name = Release;
		};
/* End XCBuildConfiguration section */

/* Begin XCConfigurationList section */
		BEE70279286400D50065F5B3 /* Build configuration list for PBXProject "icalories" */ = {
			isa = XCConfigurationList;
			buildConfigurations = (
				BEE7028A286400DA0065F5B3 /* Debug */,
				BEE7028B286400DA0065F5B3 /* Release */,
			);
			defaultConfigurationIsVisible = 0;
			defaultConfigurationName = Release;
		};
		BEE7028C286400DA0065F5B3 /* Build configuration list for PBXNativeTarget "icalories" */ = {
			isa = XCConfigurationList;
			buildConfigurations = (
				BEE7028D286400DA0065F5B3 /* Debug */,
				BEE7028E286400DA0065F5B3 /* Release */,
			);
			defaultConfigurationIsVisible = 0;
			defaultConfigurationName = Release;
		};
/* End XCConfigurationList section */

/* Begin XCVersionGroup section */
		BEE702902864013A0065F5B3 /* FoodModel.xcdatamodeld */ = {
			isa = XCVersionGroup;
			children = (
				BEE702912864013A0065F5B3 /* FoodModel.xcdatamodel */,
			);
			currentVersion = BEE702912864013A0065F5B3 /* FoodModel.xcdatamodel */;
			path = FoodModel.xcdatamodeld;
			sourceTree = "<group>";
			versionGroupType = wrapper.xcdatamodel;
		};
/* End XCVersionGroup section */
	};
	rootObject = BEE70276286400D50065F5B3 /* Project object */;
}
